
Microsoft Visual Studio Solution File, Format Version 12.00
# Visual Studio Version 17
VisualStudioVersion = 17.0.31612.314
MinimumVisualStudioVersion = 10.0.40219.1
Project("{FAE04EC0-301F-11D3-BF4B-00C04F79EFBC}") = "Laborator13Problema5", "Laborator13Problema5\Laborator13Problema5.csproj", "{1CA1CEFF-8628-49BF-9BD1-0E315DD8095C}"
EndProject
Global
	GlobalSection(SolutionConfigurationPlatforms) = preSolution
		Debug|Any CPU = Debug|Any CPU
		Release|Any CPU = Release|Any CPU
	EndGlobalSection
	GlobalSection(ProjectConfigurationPlatforms) = postSolution
		{1CA1CEFF-8628-49BF-9BD1-0E315DD8095C}.Debug|Any CPU.ActiveCfg = Debug|Any CPU
		{1CA1CEFF-8628-49BF-9BD1-0E315DD8095C}.Debug|Any CPU.Build.0 = Debug|Any CPU
		{1CA1CEFF-8628-49BF-9BD1-0E315DD8095C}.Release|Any CPU.ActiveCfg = Release|Any CPU
		{1CA1CEFF-8628-49BF-9BD1-0E315DD8095C}.Release|Any CPU.Build.0 = Release|Any CPU
	EndGlobalSection
	GlobalSection(SolutionProperties) = preSolution
		HideSolutionNode = FALSE
	EndGlobalSection
	GlobalSection(ExtensibilityGlobals) = postSolution
		SolutionGuid = {732D02F8-14D7-4485-8D0B-75FA8A4DABE0}
	EndGlobalSection
EndGlobal
